
Microsoft Visual Studio Solution File, Format Version 12.00
# Visual Studio Version 16
VisualStudioVersion = 16.0.30225.117
MinimumVisualStudioVersion = 10.0.40219.1
Project("{FAE04EC0-301F-11D3-BF4B-00C04F79EFBC}") = "ROG-CLIENT", "ROG-CLIENT\ROG-CLIENT.csproj", "{0D738155-7036-4611-A813-15A2BF903CB2}"
EndProject
Global
	GlobalSection(SolutionConfigurationPlatforms) = preSolution
		Debug|Any CPU = Debug|Any CPU
		Release|Any CPU = Release|Any CPU
	EndGlobalSection
	GlobalSection(ProjectConfigurationPlatforms) = postSolution
		{0D738155-7036-4611-A813-15A2BF903CB2}.Debug|Any CPU.ActiveCfg = Debug|Any CPU
		{0D738155-7036-4611-A813-15A2BF903CB2}.Debug|Any CPU.Build.0 = Debug|Any CPU
		{0D738155-7036-4611-A813-15A2BF903CB2}.Release|Any CPU.ActiveCfg = Release|Any CPU
		{0D738155-7036-4611-A813-15A2BF903CB2}.Release|Any CPU.Build.0 = Release|Any CPU
	EndGlobalSection
	GlobalSection(SolutionProperties) = preSolution
		HideSolutionNode = FALSE
	EndGlobalSection
	GlobalSection(ExtensibilityGlobals) = postSolution
		SolutionGuid = {6F5D8C9D-E828-4F6A-83C1-4844562F15E6}
	EndGlobalSection
EndGlobal
