
Microsoft Visual Studio Solution File, Format Version 12.00
# Visual Studio Version 16
VisualStudioVersion = 16.0.30225.117
MinimumVisualStudioVersion = 10.0.40219.1
Project("{8BC9CEB8-8B4A-11D0-8D11-00A0C91BC942}") = "kGlow.AntiFlash", "kGlow.AntiFlash\kGlow.AntiFlash.vcxproj", "{A459AD8F-41D0-44FC-B044-B851AC58F214}"
EndProject
Global
	GlobalSection(SolutionConfigurationPlatforms) = preSolution
		Debug|x64 = Debug|x64
		Debug|x86 = Debug|x86
		Release|x64 = Release|x64
		Release|x86 = Release|x86
	EndGlobalSection
	GlobalSection(ProjectConfigurationPlatforms) = postSolution
		{A459AD8F-41D0-44FC-B044-B851AC58F214}.Debug|x64.ActiveCfg = Debug|x64
		{A459AD8F-41D0-44FC-B044-B851AC58F214}.Debug|x64.Build.0 = Debug|x64
		{A459AD8F-41D0-44FC-B044-B851AC58F214}.Debug|x86.ActiveCfg = Debug|Win32
		{A459AD8F-41D0-44FC-B044-B851AC58F214}.Debug|x86.Build.0 = Debug|Win32
		{A459AD8F-41D0-44FC-B044-B851AC58F214}.Release|x64.ActiveCfg = Release|x64
		{A459AD8F-41D0-44FC-B044-B851AC58F214}.Release|x64.Build.0 = Release|x64
		{A459AD8F-41D0-44FC-B044-B851AC58F214}.Release|x86.ActiveCfg = Release|Win32
		{A459AD8F-41D0-44FC-B044-B851AC58F214}.Release|x86.Build.0 = Release|Win32
	EndGlobalSection
	GlobalSection(SolutionProperties) = preSolution
		HideSolutionNode = FALSE
	EndGlobalSection
	GlobalSection(ExtensibilityGlobals) = postSolution
		SolutionGuid = {9F055273-464A-41DD-AF86-D0BBEEA58498}
	EndGlobalSection
EndGlobal
