
Microsoft Visual Studio Solution File, Format Version 12.00
# Visual Studio Version 16
VisualStudioVersion = 16.0.30225.117
MinimumVisualStudioVersion = 10.0.40219.1
Project("{FAE04EC0-301F-11D3-BF4B-00C04F79EFBC}") = "ROG-LOADER", "ROG-LOADER\ROG-LOADER.csproj", "{C2E0BE49-1EA5-4721-A293-10FBCBF2A8B4}"
EndProject
Global
	GlobalSection(SolutionConfigurationPlatforms) = preSolution
		Debug|Any CPU = Debug|Any CPU
		Release|Any CPU = Release|Any CPU
	EndGlobalSection
	GlobalSection(ProjectConfigurationPlatforms) = postSolution
		{C2E0BE49-1EA5-4721-A293-10FBCBF2A8B4}.Debug|Any CPU.ActiveCfg = Debug|Any CPU
		{C2E0BE49-1EA5-4721-A293-10FBCBF2A8B4}.Debug|Any CPU.Build.0 = Debug|Any CPU
		{C2E0BE49-1EA5-4721-A293-10FBCBF2A8B4}.Release|Any CPU.ActiveCfg = Release|Any CPU
		{C2E0BE49-1EA5-4721-A293-10FBCBF2A8B4}.Release|Any CPU.Build.0 = Release|Any CPU
	EndGlobalSection
	GlobalSection(SolutionProperties) = preSolution
		HideSolutionNode = FALSE
	EndGlobalSection
	GlobalSection(ExtensibilityGlobals) = postSolution
		SolutionGuid = {CE02476A-3BD8-4C5B-A908-E426892A3E6A}
	EndGlobalSection
EndGlobal
